
Microsoft Visual Studio Solution File, Format Version 12.00
# Visual Studio Version 17
VisualStudioVersion = 17.7.34221.43
MinimumVisualStudioVersion = 10.0.40219.1
Project("{9A19103F-16F7-4668-BE54-9A1E7A4F7556}") = "OrdersApp", "OrdersApp.csproj", "{26129ED2-0E1B-4172-AD87-A3747CB5C420}"
EndProject
Project("{FAE04EC0-301F-11D3-BF4B-00C04F79EFBC}") = "OrdersApp.Tests", "..\OrdersApp.Tests\OrdersApp.Tests.csproj", "{EB26FB33-FD6A-4267-80DA-EAD0AA0E249C}"
EndProject
Global
	GlobalSection(SolutionConfigurationPlatforms) = preSolution
		Debug|Any CPU = Debug|Any CPU
		Release|Any CPU = Release|Any CPU
	EndGlobalSection
	GlobalSection(ProjectConfigurationPlatforms) = postSolution
		{26129ED2-0E1B-4172-AD87-A3747CB5C420}.Debug|Any CPU.ActiveCfg = Debug|Any CPU
		{26129ED2-0E1B-4172-AD87-A3747CB5C420}.Debug|Any CPU.Build.0 = Debug|Any CPU
		{26129ED2-0E1B-4172-AD87-A3747CB5C420}.Release|Any CPU.ActiveCfg = Release|Any CPU
		{26129ED2-0E1B-4172-AD87-A3747CB5C420}.Release|Any CPU.Build.0 = Release|Any CPU
		{EB26FB33-FD6A-4267-80DA-EAD0AA0E249C}.Debug|Any CPU.ActiveCfg = Debug|Any CPU
		{EB26FB33-FD6A-4267-80DA-EAD0AA0E249C}.Debug|Any CPU.Build.0 = Debug|Any CPU
		{EB26FB33-FD6A-4267-80DA-EAD0AA0E249C}.Release|Any CPU.ActiveCfg = Release|Any CPU
		{EB26FB33-FD6A-4267-80DA-EAD0AA0E249C}.Release|Any CPU.Build.0 = Release|Any CPU
	EndGlobalSection
	GlobalSection(SolutionProperties) = preSolution
		HideSolutionNode = FALSE
	EndGlobalSection
	GlobalSection(ExtensibilityGlobals) = postSolution
		SolutionGuid = {5571CDFB-DE7B-40B4-A2AF-14418F5990C0}
	EndGlobalSection
EndGlobal
